
Microsoft Visual Studio Solution File, Format Version 12.00
# Visual Studio 14
VisualStudioVersion = 14.0.25420.1
MinimumVisualStudioVersion = 10.0.40219.1
Project("{FAE04EC0-301F-11D3-BF4B-00C04F79EFBC}") = "DependencyInjection", "DependencyInjection\DependencyInjection.csproj", "{272B4677-84D3-4F06-BDCE-B8AD891699BC}"
EndProject
Project("{FAE04EC0-301F-11D3-BF4B-00C04F79EFBC}") = "Domain", "Domain\Domain.csproj", "{7EDA86BC-3447-48E1-8B16-81F7E2904ECF}"
EndProject
Project("{FAE04EC0-301F-11D3-BF4B-00C04F79EFBC}") = "Infrastructure", "Infrastructure\Infrastructure.csproj", "{C616D4F5-CEE3-4253-AADA-9A6EB7D56430}"
EndProject
Project("{FAE04EC0-301F-11D3-BF4B-00C04F79EFBC}") = "Presentation", "Presentation\Presentation.csproj", "{EAEA5988-3771-4215-BDC3-1C90D157CAE3}"
EndProject
Global
	GlobalSection(SolutionConfigurationPlatforms) = preSolution
		DEV|Any CPU = DEV|Any CPU
		HOM|Any CPU = HOM|Any CPU
		PRD|Any CPU = PRD|Any CPU
		Release|Any CPU = Release|Any CPU
		TST|Any CPU = TST|Any CPU
	EndGlobalSection
	GlobalSection(ProjectConfigurationPlatforms) = postSolution
		{272B4677-84D3-4F06-BDCE-B8AD891699BC}.DEV|Any CPU.ActiveCfg = DEV|Any CPU
		{272B4677-84D3-4F06-BDCE-B8AD891699BC}.DEV|Any CPU.Build.0 = DEV|Any CPU
		{272B4677-84D3-4F06-BDCE-B8AD891699BC}.HOM|Any CPU.ActiveCfg = HOM|Any CPU
		{272B4677-84D3-4F06-BDCE-B8AD891699BC}.HOM|Any CPU.Build.0 = HOM|Any CPU
		{272B4677-84D3-4F06-BDCE-B8AD891699BC}.PRD|Any CPU.ActiveCfg = PRD|Any CPU
		{272B4677-84D3-4F06-BDCE-B8AD891699BC}.PRD|Any CPU.Build.0 = PRD|Any CPU
		{272B4677-84D3-4F06-BDCE-B8AD891699BC}.Release|Any CPU.ActiveCfg = TST|Any CPU
		{272B4677-84D3-4F06-BDCE-B8AD891699BC}.Release|Any CPU.Build.0 = TST|Any CPU
		{272B4677-84D3-4F06-BDCE-B8AD891699BC}.TST|Any CPU.ActiveCfg = TST|Any CPU
		{272B4677-84D3-4F06-BDCE-B8AD891699BC}.TST|Any CPU.Build.0 = TST|Any CPU
		{7EDA86BC-3447-48E1-8B16-81F7E2904ECF}.DEV|Any CPU.ActiveCfg = DEV|Any CPU
		{7EDA86BC-3447-48E1-8B16-81F7E2904ECF}.DEV|Any CPU.Build.0 = DEV|Any CPU
		{7EDA86BC-3447-48E1-8B16-81F7E2904ECF}.HOM|Any CPU.ActiveCfg = HOM|Any CPU
		{7EDA86BC-3447-48E1-8B16-81F7E2904ECF}.HOM|Any CPU.Build.0 = HOM|Any CPU
		{7EDA86BC-3447-48E1-8B16-81F7E2904ECF}.PRD|Any CPU.ActiveCfg = PRD|Any CPU
		{7EDA86BC-3447-48E1-8B16-81F7E2904ECF}.PRD|Any CPU.Build.0 = PRD|Any CPU
		{7EDA86BC-3447-48E1-8B16-81F7E2904ECF}.Release|Any CPU.ActiveCfg = TST|Any CPU
		{7EDA86BC-3447-48E1-8B16-81F7E2904ECF}.Release|Any CPU.Build.0 = TST|Any CPU
		{7EDA86BC-3447-48E1-8B16-81F7E2904ECF}.TST|Any CPU.ActiveCfg = TST|Any CPU
		{7EDA86BC-3447-48E1-8B16-81F7E2904ECF}.TST|Any CPU.Build.0 = TST|Any CPU
		{C616D4F5-CEE3-4253-AADA-9A6EB7D56430}.DEV|Any CPU.ActiveCfg = DEV|Any CPU
		{C616D4F5-CEE3-4253-AADA-9A6EB7D56430}.DEV|Any CPU.Build.0 = DEV|Any CPU
		{C616D4F5-CEE3-4253-AADA-9A6EB7D56430}.HOM|Any CPU.ActiveCfg = HOM|Any CPU
		{C616D4F5-CEE3-4253-AADA-9A6EB7D56430}.HOM|Any CPU.Build.0 = HOM|Any CPU
		{C616D4F5-CEE3-4253-AADA-9A6EB7D56430}.PRD|Any CPU.ActiveCfg = PRD|Any CPU
		{C616D4F5-CEE3-4253-AADA-9A6EB7D56430}.PRD|Any CPU.Build.0 = PRD|Any CPU
		{C616D4F5-CEE3-4253-AADA-9A6EB7D56430}.Release|Any CPU.ActiveCfg = TST|Any CPU
		{C616D4F5-CEE3-4253-AADA-9A6EB7D56430}.Release|Any CPU.Build.0 = TST|Any CPU
		{C616D4F5-CEE3-4253-AADA-9A6EB7D56430}.TST|Any CPU.ActiveCfg = TST|Any CPU
		{C616D4F5-CEE3-4253-AADA-9A6EB7D56430}.TST|Any CPU.Build.0 = TST|Any CPU
		{EAEA5988-3771-4215-BDC3-1C90D157CAE3}.DEV|Any CPU.ActiveCfg = DEV|Any CPU
		{EAEA5988-3771-4215-BDC3-1C90D157CAE3}.DEV|Any CPU.Build.0 = DEV|Any CPU
		{EAEA5988-3771-4215-BDC3-1C90D157CAE3}.HOM|Any CPU.ActiveCfg = HOM|Any CPU
		{EAEA5988-3771-4215-BDC3-1C90D157CAE3}.HOM|Any CPU.Build.0 = HOM|Any CPU
		{EAEA5988-3771-4215-BDC3-1C90D157CAE3}.PRD|Any CPU.ActiveCfg = PRD|Any CPU
		{EAEA5988-3771-4215-BDC3-1C90D157CAE3}.PRD|Any CPU.Build.0 = PRD|Any CPU
		{EAEA5988-3771-4215-BDC3-1C90D157CAE3}.Release|Any CPU.ActiveCfg = Release|Any CPU
		{EAEA5988-3771-4215-BDC3-1C90D157CAE3}.Release|Any CPU.Build.0 = Release|Any CPU
		{EAEA5988-3771-4215-BDC3-1C90D157CAE3}.TST|Any CPU.ActiveCfg = TST|Any CPU
		{EAEA5988-3771-4215-BDC3-1C90D157CAE3}.TST|Any CPU.Build.0 = TST|Any CPU
	EndGlobalSection
	GlobalSection(SolutionProperties) = preSolution
		HideSolutionNode = FALSE
	EndGlobalSection
EndGlobal
